
Microsoft Visual Studio Solution File, Format Version 12.00
# Visual Studio Version 17
VisualStudioVersion = 17.12.35323.107
MinimumVisualStudioVersion = 10.0.40219.1
Project("{FAE04EC0-301F-11D3-BF4B-00C04F79EFBC}") = "GenericApplication", "GenericApplication\GenericApplication.csproj", "{0F4B1C08-8059-43BA-B843-8DBC71E04A4B}"
EndProject
Global
	GlobalSection(SolutionConfigurationPlatforms) = preSolution
		Debug|Any CPU = Debug|Any CPU
		Release|Any CPU = Release|Any CPU
	EndGlobalSection
	GlobalSection(ProjectConfigurationPlatforms) = postSolution
		{0F4B1C08-8059-43BA-B843-8DBC71E04A4B}.Debug|Any CPU.ActiveCfg = Debug|Any CPU
		{0F4B1C08-8059-43BA-B843-8DBC71E04A4B}.Debug|Any CPU.Build.0 = Debug|Any CPU
		{0F4B1C08-8059-43BA-B843-8DBC71E04A4B}.Release|Any CPU.ActiveCfg = Release|Any CPU
		{0F4B1C08-8059-43BA-B843-8DBC71E04A4B}.Release|Any CPU.Build.0 = Release|Any CPU
	EndGlobalSection
	GlobalSection(SolutionProperties) = preSolution
		HideSolutionNode = FALSE
	EndGlobalSection
	GlobalSection(ExtensibilityGlobals) = postSolution
		SolutionGuid = {05071743-793B-4413-932A-F1612E52E02E}
	EndGlobalSection
EndGlobal
